{
  "version": 4,
  "terraform_version": "0.12.24",
  "serial": 33,
  "lineage": "f7b112d1-4921-7f49-8ea9-5f509eb8527f",
  "outputs": {
    "euw3_private_address": {
      "value": "10.26.2.2",
      "type": "string"
    },
    "euw3_public_address": {
      "value": "35.246.187.163",
      "type": "string"
    },
    "use1_private_address": {
      "value": "10.26.4.2",
      "type": "string"
    },
    "use1_public_address": {
      "value": "35.196.113.216",
      "type": "string"
    },
    "vpc_self_link": {
      "value": "team-15-dev-vpc",
      "type": "string"
    }
  },
  "resources": [
    {
      "module": "module.vpc",
      "mode": "managed",
      "type": "google_compute_firewall",
      "name": "allow-bastion",
      "provider": "provider.google",
      "instances": [
        {
          "schema_version": 1,
          "attributes": {
            "allow": [
              {
                "ports": [
                  "22"
                ],
                "protocol": "tcp"
              }
            ],
            "creation_timestamp": "2020-04-07T15:31:05.555-07:00",
            "deny": [],
            "description": "",
            "destination_ranges": [],
            "direction": "INGRESS",
            "disabled": false,
            "enable_logging": false,
            "id": "projects/technical-practice-2020/global/firewalls/team-15-fw-allow-ssh",
            "name": "team-15-fw-allow-ssh",
            "network": "https://www.googleapis.com/compute/v1/projects/technical-practice-2020/global/networks/team-15-dev-vpc",
            "priority": 1000,
            "project": "technical-practice-2020",
            "self_link": "https://www.googleapis.com/compute/v1/projects/technical-practice-2020/global/firewalls/team-15-fw-allow-ssh",
            "source_ranges": [
              "0.0.0.0/0"
            ],
            "source_service_accounts": null,
            "source_tags": null,
            "target_service_accounts": null,
            "target_tags": [
              "ssh"
            ],
            "timeouts": null
          },
          "private": "eyJlMmJmYjczMC1lY2FhLTExZTYtOGY4OC0zNDM2M2JjN2M0YzAiOnsiY3JlYXRlIjoyNDAwMDAwMDAwMDAsImRlbGV0ZSI6MjQwMDAwMDAwMDAwLCJ1cGRhdGUiOjI0MDAwMDAwMDAwMH0sInNjaGVtYV92ZXJzaW9uIjoiMSJ9",
          "dependencies": [
            "module.vpc.google_compute_network.vpc"
          ]
        }
      ]
    },
    {
      "module": "module.vpc",
      "mode": "managed",
      "type": "google_compute_firewall",
      "name": "allow-http",
      "provider": "provider.google",
      "instances": [
        {
          "schema_version": 1,
          "attributes": {
            "allow": [
              {
                "ports": [
                  "80"
                ],
                "protocol": "tcp"
              }
            ],
            "creation_timestamp": "2020-04-07T15:31:05.372-07:00",
            "deny": [],
            "description": "",
            "destination_ranges": [],
            "direction": "INGRESS",
            "disabled": false,
            "enable_logging": false,
            "id": "projects/technical-practice-2020/global/firewalls/team-15-fw-allow-http",
            "name": "team-15-fw-allow-http",
            "network": "https://www.googleapis.com/compute/v1/projects/technical-practice-2020/global/networks/team-15-dev-vpc",
            "priority": 1000,
            "project": "technical-practice-2020",
            "self_link": "https://www.googleapis.com/compute/v1/projects/technical-practice-2020/global/firewalls/team-15-fw-allow-http",
            "source_ranges": [
              "0.0.0.0/0"
            ],
            "source_service_accounts": null,
            "source_tags": null,
            "target_service_accounts": null,
            "target_tags": [
              "http"
            ],
            "timeouts": null
          },
          "private": "eyJlMmJmYjczMC1lY2FhLTExZTYtOGY4OC0zNDM2M2JjN2M0YzAiOnsiY3JlYXRlIjoyNDAwMDAwMDAwMDAsImRlbGV0ZSI6MjQwMDAwMDAwMDAwLCJ1cGRhdGUiOjI0MDAwMDAwMDAwMH0sInNjaGVtYV92ZXJzaW9uIjoiMSJ9",
          "dependencies": [
            "module.vpc.google_compute_network.vpc"
          ]
        }
      ]
    },
    {
      "module": "module.vpc",
      "mode": "managed",
      "type": "google_compute_firewall",
      "name": "allow-internal",
      "provider": "provider.google",
      "instances": [
        {
          "schema_version": 1,
          "attributes": {
            "allow": [
              {
                "ports": [
                  "0-65535"
                ],
                "protocol": "tcp"
              },
              {
                "ports": [
                  "0-65535"
                ],
                "protocol": "udp"
              },
              {
                "ports": [],
                "protocol": "icmp"
              }
            ],
            "creation_timestamp": "2020-04-07T15:31:05.730-07:00",
            "deny": [],
            "description": "",
            "destination_ranges": [],
            "direction": "INGRESS",
            "disabled": false,
            "enable_logging": false,
            "id": "projects/technical-practice-2020/global/firewalls/team-15-fw-allow-internal",
            "name": "team-15-fw-allow-internal",
            "network": "https://www.googleapis.com/compute/v1/projects/technical-practice-2020/global/networks/team-15-dev-vpc",
            "priority": 1000,
            "project": "technical-practice-2020",
            "self_link": "https://www.googleapis.com/compute/v1/projects/technical-practice-2020/global/firewalls/team-15-fw-allow-internal",
            "source_ranges": [
              "10.26.1.0/24",
              "10.26.2.0/24",
              "10.26.3.0/24",
              "10.26.4.0/24"
            ],
            "source_service_accounts": null,
            "source_tags": null,
            "target_service_accounts": null,
            "target_tags": null,
            "timeouts": null
          },
          "private": "eyJlMmJmYjczMC1lY2FhLTExZTYtOGY4OC0zNDM2M2JjN2M0YzAiOnsiY3JlYXRlIjoyNDAwMDAwMDAwMDAsImRlbGV0ZSI6MjQwMDAwMDAwMDAwLCJ1cGRhdGUiOjI0MDAwMDAwMDAwMH0sInNjaGVtYV92ZXJzaW9uIjoiMSJ9",
          "dependencies": [
            "module.vpc.google_compute_network.vpc"
          ]
        }
      ]
    },
    {
      "module": "module.use1",
      "mode": "managed",
      "type": "google_compute_instance",
      "name": "default",
      "provider": "provider.google",
      "instances": [
        {
          "schema_version": 6,
          "attributes": {
            "allow_stopping_for_update": null,
            "attached_disk": [],
            "boot_disk": [
              {
                "auto_delete": true,
                "device_name": "persistent-disk-0",
                "disk_encryption_key_raw": "",
                "disk_encryption_key_sha256": "",
                "initialize_params": [
                  {
                    "image": "https://www.googleapis.com/compute/v1/projects/centos-cloud/global/images/centos-7-v20180129",
                    "labels": {},
                    "size": 10,
                    "type": "pd-standard"
                  }
                ],
                "kms_key_self_link": "",
                "mode": "READ_WRITE",
                "source": "https://www.googleapis.com/compute/v1/projects/technical-practice-2020/zones/us-east1-b/disks/team-15-dev-us-east1-backend-instance-1"
              }
            ],
            "can_ip_forward": false,
            "cpu_platform": "Intel Haswell",
            "current_status": "RUNNING",
            "deletion_protection": false,
            "description": "",
            "desired_status": null,
            "enable_display": false,
            "guest_accelerator": [],
            "hostname": "",
            "id": "projects/technical-practice-2020/zones/us-east1-b/instances/team-15-dev-us-east1-backend-instance-1",
            "instance_id": "1976280365330940334",
            "label_fingerprint": "42WmSpB8rSM=",
            "labels": null,
            "machine_type": "n1-standard-1",
            "metadata": null,
            "metadata_fingerprint": "hx05R1FERHM=",
            "metadata_startup_script": "apt-get -y update; apt-get -y install nginx;export HOSTNAME=$(hostname | tr -d '\n');export PRIVATE_IP=$(curl -sf -H 'Metadata-Flavor:Google' http://metadata/computeMetadata/v1/instance/network-interfaces/0/ip | tr -d '\n');echo \"Welcome to $HOSTNAME - $PRIVATE_IP\" \u003e /usr/share/nginx/www/index.html;service nginx start",
            "min_cpu_platform": "",
            "name": "team-15-dev-us-east1-backend-instance-1",
            "network_interface": [
              {
                "access_config": [
                  {
                    "nat_ip": "35.196.113.216",
                    "network_tier": "PREMIUM",
                    "public_ptr_domain_name": ""
                  }
                ],
                "alias_ip_range": [],
                "name": "nic0",
                "network": "https://www.googleapis.com/compute/v1/projects/technical-practice-2020/global/networks/team-15-dev-vpc",
                "network_ip": "10.26.4.2",
                "subnetwork": "https://www.googleapis.com/compute/v1/projects/technical-practice-2020/regions/us-east1/subnetworks/team-15-dev-us-east1-pub-net",
                "subnetwork_project": "technical-practice-2020"
              }
            ],
            "project": "technical-practice-2020",
            "scheduling": [
              {
                "automatic_restart": true,
                "node_affinities": [],
                "on_host_maintenance": "MIGRATE",
                "preemptible": false
              }
            ],
            "scratch_disk": [],
            "self_link": "https://www.googleapis.com/compute/v1/projects/technical-practice-2020/zones/us-east1-b/instances/team-15-dev-us-east1-backend-instance-1",
            "service_account": [],
            "shielded_instance_config": [],
            "tags": [
              "http",
              "ssh"
            ],
            "tags_fingerprint": "7XLBdwIeS7E=",
            "timeouts": null,
            "zone": "us-east1-b"
          },
          "private": "eyJlMmJmYjczMC1lY2FhLTExZTYtOGY4OC0zNDM2M2JjN2M0YzAiOnsiY3JlYXRlIjoxMjAwMDAwMDAwMDAwLCJkZWxldGUiOjEyMDAwMDAwMDAwMDAsInVwZGF0ZSI6MTIwMDAwMDAwMDAwMH0sInNjaGVtYV92ZXJzaW9uIjoiNiJ9",
          "dependencies": [
            "module.use1.google_compute_subnetwork.public_subnet",
            "module.vpc.google_compute_network.vpc"
          ]
        }
      ]
    },
    {
      "module": "module.euw3",
      "mode": "managed",
      "type": "google_compute_instance",
      "name": "default",
      "provider": "provider.google",
      "instances": [
        {
          "schema_version": 6,
          "attributes": {
            "allow_stopping_for_update": null,
            "attached_disk": [],
            "boot_disk": [
              {
                "auto_delete": true,
                "device_name": "persistent-disk-0",
                "disk_encryption_key_raw": "",
                "disk_encryption_key_sha256": "",
                "initialize_params": [
                  {
                    "image": "https://www.googleapis.com/compute/v1/projects/centos-cloud/global/images/centos-7-v20180129",
                    "labels": {},
                    "size": 10,
                    "type": "pd-standard"
                  }
                ],
                "kms_key_self_link": "",
                "mode": "READ_WRITE",
                "source": "https://www.googleapis.com/compute/v1/projects/technical-practice-2020/zones/europe-west3-b/disks/team-15-dev-europe-west3-backend-instance-1"
              }
            ],
            "can_ip_forward": false,
            "cpu_platform": "Intel Broadwell",
            "current_status": "RUNNING",
            "deletion_protection": false,
            "description": "",
            "desired_status": null,
            "enable_display": false,
            "guest_accelerator": [],
            "hostname": "",
            "id": "projects/technical-practice-2020/zones/europe-west3-b/instances/team-15-dev-europe-west3-backend-instance-1",
            "instance_id": "803514067412140461",
            "label_fingerprint": "42WmSpB8rSM=",
            "labels": null,
            "machine_type": "n1-standard-1",
            "metadata": null,
            "metadata_fingerprint": "hx05R1FERHM=",
            "metadata_startup_script": "apt-get -y update; apt-get -y install nginx;export HOSTNAME=$(hostname | tr -d '\n');export PRIVATE_IP=$(curl -sf -H 'Metadata-Flavor:Google' http://metadata/computeMetadata/v1/instance/network-interfaces/0/ip | tr -d '\n');echo \"Welcome to $HOSTNAME - $PRIVATE_IP\" \u003e /usr/share/nginx/www/index.html;service nginx start",
            "min_cpu_platform": "",
            "name": "team-15-dev-europe-west3-backend-instance-1",
            "network_interface": [
              {
                "access_config": [
                  {
                    "nat_ip": "35.246.187.163",
                    "network_tier": "PREMIUM",
                    "public_ptr_domain_name": ""
                  }
                ],
                "alias_ip_range": [],
                "name": "nic0",
                "network": "https://www.googleapis.com/compute/v1/projects/technical-practice-2020/global/networks/team-15-dev-vpc",
                "network_ip": "10.26.2.2",
                "subnetwork": "https://www.googleapis.com/compute/v1/projects/technical-practice-2020/regions/europe-west3/subnetworks/team-15-dev-europe-west3-pub-net",
                "subnetwork_project": "technical-practice-2020"
              }
            ],
            "project": "technical-practice-2020",
            "scheduling": [
              {
                "automatic_restart": true,
                "node_affinities": [],
                "on_host_maintenance": "MIGRATE",
                "preemptible": false
              }
            ],
            "scratch_disk": [],
            "self_link": "https://www.googleapis.com/compute/v1/projects/technical-practice-2020/zones/europe-west3-b/instances/team-15-dev-europe-west3-backend-instance-1",
            "service_account": [],
            "shielded_instance_config": [],
            "tags": [
              "http",
              "ssh"
            ],
            "tags_fingerprint": "7XLBdwIeS7E=",
            "timeouts": null,
            "zone": "europe-west3-b"
          },
          "private": "eyJlMmJmYjczMC1lY2FhLTExZTYtOGY4OC0zNDM2M2JjN2M0YzAiOnsiY3JlYXRlIjoxMjAwMDAwMDAwMDAwLCJkZWxldGUiOjEyMDAwMDAwMDAwMDAsInVwZGF0ZSI6MTIwMDAwMDAwMDAwMH0sInNjaGVtYV92ZXJzaW9uIjoiNiJ9",
          "dependencies": [
            "module.euw3.google_compute_subnetwork.public_subnet",
            "module.vpc.google_compute_network.vpc"
          ]
        }
      ]
    },
    {
      "module": "module.vpc",
      "mode": "managed",
      "type": "google_compute_network",
      "name": "vpc",
      "provider": "provider.google",
      "instances": [
        {
          "schema_version": 0,
          "attributes": {
            "auto_create_subnetworks": false,
            "delete_default_routes_on_create": false,
            "description": "",
            "gateway_ipv4": "",
            "id": "projects/technical-practice-2020/global/networks/team-15-dev-vpc",
            "ipv4_range": null,
            "name": "team-15-dev-vpc",
            "project": "technical-practice-2020",
            "routing_mode": "GLOBAL",
            "self_link": "https://www.googleapis.com/compute/v1/projects/technical-practice-2020/global/networks/team-15-dev-vpc",
            "timeouts": null
          },
          "private": "eyJlMmJmYjczMC1lY2FhLTExZTYtOGY4OC0zNDM2M2JjN2M0YzAiOnsiY3JlYXRlIjoyNDAwMDAwMDAwMDAsImRlbGV0ZSI6MjQwMDAwMDAwMDAwLCJ1cGRhdGUiOjI0MDAwMDAwMDAwMH19"
        }
      ]
    },
    {
      "module": "module.use1",
      "mode": "managed",
      "type": "google_compute_subnetwork",
      "name": "private_subnet",
      "provider": "provider.google",
      "instances": [
        {
          "schema_version": 0,
          "attributes": {
            "creation_timestamp": "2020-04-07T15:31:05.499-07:00",
            "description": "",
            "enable_flow_logs": null,
            "fingerprint": null,
            "gateway_address": "10.26.3.1",
            "id": "projects/technical-practice-2020/regions/us-east1/subnetworks/team-15-dev-us-east1-pri-net",
            "ip_cidr_range": "10.26.3.0/24",
            "log_config": [],
            "name": "team-15-dev-us-east1-pri-net",
            "network": "https://www.googleapis.com/compute/v1/projects/technical-practice-2020/global/networks/team-15-dev-vpc",
            "private_ip_google_access": false,
            "project": "technical-practice-2020",
            "region": "us-east1",
            "secondary_ip_range": [],
            "self_link": "https://www.googleapis.com/compute/v1/projects/technical-practice-2020/regions/us-east1/subnetworks/team-15-dev-us-east1-pri-net",
            "timeouts": null
          },
          "private": "eyJlMmJmYjczMC1lY2FhLTExZTYtOGY4OC0zNDM2M2JjN2M0YzAiOnsiY3JlYXRlIjozNjAwMDAwMDAwMDAsImRlbGV0ZSI6MzYwMDAwMDAwMDAwLCJ1cGRhdGUiOjM2MDAwMDAwMDAwMH19",
          "dependencies": [
            "module.vpc.google_compute_network.vpc"
          ]
        }
      ]
    },
    {
      "module": "module.euw3",
      "mode": "managed",
      "type": "google_compute_subnetwork",
      "name": "private_subnet",
      "provider": "provider.google",
      "instances": [
        {
          "schema_version": 0,
          "attributes": {
            "creation_timestamp": "2020-04-07T15:31:05.490-07:00",
            "description": "",
            "enable_flow_logs": null,
            "fingerprint": null,
            "gateway_address": "10.26.1.1",
            "id": "projects/technical-practice-2020/regions/europe-west3/subnetworks/team-15-dev-europe-west3-pri-net",
            "ip_cidr_range": "10.26.1.0/24",
            "log_config": [],
            "name": "team-15-dev-europe-west3-pri-net",
            "network": "https://www.googleapis.com/compute/v1/projects/technical-practice-2020/global/networks/team-15-dev-vpc",
            "private_ip_google_access": false,
            "project": "technical-practice-2020",
            "region": "europe-west3",
            "secondary_ip_range": [],
            "self_link": "https://www.googleapis.com/compute/v1/projects/technical-practice-2020/regions/europe-west3/subnetworks/team-15-dev-europe-west3-pri-net",
            "timeouts": null
          },
          "private": "eyJlMmJmYjczMC1lY2FhLTExZTYtOGY4OC0zNDM2M2JjN2M0YzAiOnsiY3JlYXRlIjozNjAwMDAwMDAwMDAsImRlbGV0ZSI6MzYwMDAwMDAwMDAwLCJ1cGRhdGUiOjM2MDAwMDAwMDAwMH19",
          "dependencies": [
            "module.vpc.google_compute_network.vpc"
          ]
        }
      ]
    },
    {
      "module": "module.use1",
      "mode": "managed",
      "type": "google_compute_subnetwork",
      "name": "public_subnet",
      "provider": "provider.google",
      "instances": [
        {
          "schema_version": 0,
          "attributes": {
            "creation_timestamp": "2020-04-07T15:31:05.731-07:00",
            "description": "",
            "enable_flow_logs": null,
            "fingerprint": null,
            "gateway_address": "10.26.4.1",
            "id": "projects/technical-practice-2020/regions/us-east1/subnetworks/team-15-dev-us-east1-pub-net",
            "ip_cidr_range": "10.26.4.0/24",
            "log_config": [],
            "name": "team-15-dev-us-east1-pub-net",
            "network": "https://www.googleapis.com/compute/v1/projects/technical-practice-2020/global/networks/team-15-dev-vpc",
            "private_ip_google_access": false,
            "project": "technical-practice-2020",
            "region": "us-east1",
            "secondary_ip_range": [],
            "self_link": "https://www.googleapis.com/compute/v1/projects/technical-practice-2020/regions/us-east1/subnetworks/team-15-dev-us-east1-pub-net",
            "timeouts": null
          },
          "private": "eyJlMmJmYjczMC1lY2FhLTExZTYtOGY4OC0zNDM2M2JjN2M0YzAiOnsiY3JlYXRlIjozNjAwMDAwMDAwMDAsImRlbGV0ZSI6MzYwMDAwMDAwMDAwLCJ1cGRhdGUiOjM2MDAwMDAwMDAwMH19",
          "dependencies": [
            "module.vpc.google_compute_network.vpc"
          ]
        }
      ]
    },
    {
      "module": "module.euw3",
      "mode": "managed",
      "type": "google_compute_subnetwork",
      "name": "public_subnet",
      "provider": "provider.google",
      "instances": [
        {
          "schema_version": 0,
          "attributes": {
            "creation_timestamp": "2020-04-07T15:31:05.851-07:00",
            "description": "",
            "enable_flow_logs": null,
            "fingerprint": null,
            "gateway_address": "10.26.2.1",
            "id": "projects/technical-practice-2020/regions/europe-west3/subnetworks/team-15-dev-europe-west3-pub-net",
            "ip_cidr_range": "10.26.2.0/24",
            "log_config": [],
            "name": "team-15-dev-europe-west3-pub-net",
            "network": "https://www.googleapis.com/compute/v1/projects/technical-practice-2020/global/networks/team-15-dev-vpc",
            "private_ip_google_access": false,
            "project": "technical-practice-2020",
            "region": "europe-west3",
            "secondary_ip_range": [],
            "self_link": "https://www.googleapis.com/compute/v1/projects/technical-practice-2020/regions/europe-west3/subnetworks/team-15-dev-europe-west3-pub-net",
            "timeouts": null
          },
          "private": "eyJlMmJmYjczMC1lY2FhLTExZTYtOGY4OC0zNDM2M2JjN2M0YzAiOnsiY3JlYXRlIjozNjAwMDAwMDAwMDAsImRlbGV0ZSI6MzYwMDAwMDAwMDAwLCJ1cGRhdGUiOjM2MDAwMDAwMDAwMH19",
          "dependencies": [
            "module.vpc.google_compute_network.vpc"
          ]
        }
      ]
    }
  ]
}
